# This file was autogenerated by Stack.
# You should not edit this file by hand.
# For more information, please see the documentation at:
#   https://docs.haskellstack.org/en/stable/lock_files

packages:
- completed:
    hackage: sbv-8.9@sha256:efb0f16c671869805e57d11e269793d5e5ae512e8e626582cf76b8e46a63e9c6,28985
    pantry-tree:
      size: 62515
      sha256: 9bb3bb8dbb26363388e013c795e60e81f9b243ecac6e28b3e9d7079c083ebdf4
  original:
    hackage: sbv-8.9@sha256:efb0f16c671869805e57d11e269793d5e5ae512e8e626582cf76b8e46a63e9c6,28985
- completed:
    hackage: syz-0.2.0.0@sha256:7307acb8f6ae7720e7e235c974281ecee912703c1394ebcac19caf83d70bb492,2345
    pantry-tree:
      size: 256
      sha256: a5438cf5c8f701d8e2aa6543ca3d591224b83dcc379063da5ed68727da0bb1ad
  original:
    hackage: syz-0.2.0.0@sha256:7307acb8f6ae7720e7e235c974281ecee912703c1394ebcac19caf83d70bb492,2345
- completed:
    hackage: vinyl-0.13.0@sha256:0f247cd3f8682b30881a07de18e6fec52d540646fbcb328420049cc8d63cd407,3724
    pantry-tree:
      size: 1857
      sha256: 860fb95820b595161cdbdec5f376100ebae2d14e5ef0dbe311546202f7525d01
  original:
    hackage: vinyl-0.13.0@sha256:0f247cd3f8682b30881a07de18e6fec52d540646fbcb328420049cc8d63cd407,3724
- completed:
    hackage: union-0.1.2@sha256:a3adc5df3985e3e4edbe2f9d88819a62138c3fd1cf78749ec13d12b506e9bce3,2137
    pantry-tree:
      size: 330
      sha256: 2e4bd60c24f6cd5b81a24323fb47853939fcddc181d0d4bf9f550897d0e32da7
  original:
    hackage: union-0.1.2@rev:5
snapshots:
- completed:
    size: 533053
    url: https://raw.githubusercontent.com/commercialhaskell/stackage-snapshots/master/lts/16/28.yaml
    sha256: a9c01d860ac8dfb3a1b6f7ec4a36dd9504a95392b89c99b0877da63fa36a8e97
  original: lts-16.28
