# This file was autogenerated by Stack.
# You should not edit this file by hand.
# For more information, please see the documentation at:
#   https://docs.haskellstack.org/en/stable/topics/lock_files

packages:
- completed:
    hackage: syz-0.2.0.0@sha256:7307acb8f6ae7720e7e235c974281ecee912703c1394ebcac19caf83d70bb492,2345
    pantry-tree:
      sha256: a5438cf5c8f701d8e2aa6543ca3d591224b83dcc379063da5ed68727da0bb1ad
      size: 256
  original:
    hackage: syz-0.2.0.0@sha256:7307acb8f6ae7720e7e235c974281ecee912703c1394ebcac19caf83d70bb492,2345
- completed:
    hackage: bytestring-0.11.5.4@sha256:896810b10dc600f435606c1e87821a5ae0963eeca2ded88276f4841727209516,7595
    pantry-tree:
      sha256: 6ca4c319839aefa42cbd85a5bcdf67068a2a0c60cb6e76b8a9fb98e5479ec60a
      size: 4019
  original:
    hackage: bytestring-0.11.5.4@sha256:896810b10dc600f435606c1e87821a5ae0963eeca2ded88276f4841727209516,7595
- completed:
    hackage: vinyl-0.14.3@sha256:08565c5d9ed8a5ba69915bffe8960f048587478155d5915a56d2e93b8ba3466f,4267
    pantry-tree:
      sha256: 8e6d12a18493a741c736c66d3f19be48ea9e52acdd38e66cfe87bbfd88cdbf7e
      size: 2146
  original:
    hackage: vinyl-0.14.3@sha256:08565c5d9ed8a5ba69915bffe8960f048587478155d5915a56d2e93b8ba3466f,4267
- completed:
    hackage: verifiable-expressions-0.6.3@sha256:f0a8221e57356c4675500d1e499c38994b69e7ffb0270e69e78d35b0de29636c,1960
    pantry-tree:
      sha256: dca120a85ed1b9368d2b9a1357de75d197707bf76d68d299d1da75c7f876816d
      size: 1832
  original:
    hackage: verifiable-expressions-0.6.3@sha256:f0a8221e57356c4675500d1e499c38994b69e7ffb0270e69e78d35b0de29636c,1960
- completed:
    hackage: union-0.1.2@sha256:04e5fe3a3a2b1235cf5d2fc193e6d6d2624ee762d7b2145fce975afbc8c40686,2134
    pantry-tree:
      sha256: 4b313bcf19a558f0e2f915aa4b37c22623db89ae34d5441d1041fff4a148d2cd
      size: 330
  original:
    hackage: union-0.1.2
- completed:
    hackage: fortran-src-0.16.8@sha256:6587c88ca0c98dfa52b18d0f4c0336db245a4adb5bd9415b88f2267ebb470a71,12906
    pantry-tree:
      sha256: 41f97f0c9b0c8ef304c8acd1e2a9103abfd0c6d8b8fba35d590aa27a969a850c
      size: 13333
  original:
    hackage: fortran-src-0.16.8@sha256:6587c88ca0c98dfa52b18d0f4c0336db245a4adb5bd9415b88f2267ebb470a71,12906
snapshots:
- completed:
    sha256: 238fa745b64f91184f9aa518fe04bdde6552533d169b0da5256670df83a0f1a9
    size: 721141
    url: https://raw.githubusercontent.com/commercialhaskell/stackage-snapshots/master/lts/22/44.yaml
  original: lts-22.44
